
Microsoft Visual Studio Solution File, Format Version 12.00
# Visual Studio Version 17
VisualStudioVersion = 17.3.32901.215
MinimumVisualStudioVersion = 10.0.40219.1
Project("{FAE04EC0-301F-11D3-BF4B-00C04F79EFBC}") = "FridgeSnitchClient.Android", "FridgeSnitchClient.Android\FridgeSnitchClient.Android.csproj", "{B881A84A-BE18-4DE7-AB60-3B11D713452D}"
EndProject
Project("{FAE04EC0-301F-11D3-BF4B-00C04F79EFBC}") = "FridgeSnitchClient.iOS", "FridgeSnitchClient.iOS\FridgeSnitchClient.iOS.csproj", "{42EBBF63-27CC-4977-8ACD-AC2F20912C49}"
EndProject
Project("{FAE04EC0-301F-11D3-BF4B-00C04F79EFBC}") = "FridgeSnitchClient", "FridgeSnitchClient\FridgeSnitchClient.csproj", "{DC11205F-411E-4FD6-A2D8-410C8849A80D}"
EndProject
Global
	GlobalSection(SolutionConfigurationPlatforms) = preSolution
		Debug|Any CPU = Debug|Any CPU
		Debug|iPhone = Debug|iPhone
		Debug|iPhoneSimulator = Debug|iPhoneSimulator
		Release|Any CPU = Release|Any CPU
		Release|iPhone = Release|iPhone
		Release|iPhoneSimulator = Release|iPhoneSimulator
	EndGlobalSection
	GlobalSection(ProjectConfigurationPlatforms) = postSolution
		{B881A84A-BE18-4DE7-AB60-3B11D713452D}.Debug|Any CPU.ActiveCfg = Debug|Any CPU
		{B881A84A-BE18-4DE7-AB60-3B11D713452D}.Debug|Any CPU.Build.0 = Debug|Any CPU
		{B881A84A-BE18-4DE7-AB60-3B11D713452D}.Debug|Any CPU.Deploy.0 = Debug|Any CPU
		{B881A84A-BE18-4DE7-AB60-3B11D713452D}.Debug|iPhone.ActiveCfg = Debug|Any CPU
		{B881A84A-BE18-4DE7-AB60-3B11D713452D}.Debug|iPhone.Build.0 = Debug|Any CPU
		{B881A84A-BE18-4DE7-AB60-3B11D713452D}.Debug|iPhone.Deploy.0 = Debug|Any CPU
		{B881A84A-BE18-4DE7-AB60-3B11D713452D}.Debug|iPhoneSimulator.ActiveCfg = Debug|Any CPU
		{B881A84A-BE18-4DE7-AB60-3B11D713452D}.Debug|iPhoneSimulator.Build.0 = Debug|Any CPU
		{B881A84A-BE18-4DE7-AB60-3B11D713452D}.Debug|iPhoneSimulator.Deploy.0 = Debug|Any CPU
		{B881A84A-BE18-4DE7-AB60-3B11D713452D}.Release|Any CPU.ActiveCfg = Release|Any CPU
		{B881A84A-BE18-4DE7-AB60-3B11D713452D}.Release|Any CPU.Build.0 = Release|Any CPU
		{B881A84A-BE18-4DE7-AB60-3B11D713452D}.Release|Any CPU.Deploy.0 = Release|Any CPU
		{B881A84A-BE18-4DE7-AB60-3B11D713452D}.Release|iPhone.ActiveCfg = Release|Any CPU
		{B881A84A-BE18-4DE7-AB60-3B11D713452D}.Release|iPhone.Build.0 = Release|Any CPU
		{B881A84A-BE18-4DE7-AB60-3B11D713452D}.Release|iPhone.Deploy.0 = Release|Any CPU
		{B881A84A-BE18-4DE7-AB60-3B11D713452D}.Release|iPhoneSimulator.ActiveCfg = Release|Any CPU
		{B881A84A-BE18-4DE7-AB60-3B11D713452D}.Release|iPhoneSimulator.Build.0 = Release|Any CPU
		{B881A84A-BE18-4DE7-AB60-3B11D713452D}.Release|iPhoneSimulator.Deploy.0 = Release|Any CPU
		{42EBBF63-27CC-4977-8ACD-AC2F20912C49}.Debug|Any CPU.ActiveCfg = Debug|iPhone
		{42EBBF63-27CC-4977-8ACD-AC2F20912C49}.Debug|Any CPU.Build.0 = Debug|iPhone
		{42EBBF63-27CC-4977-8ACD-AC2F20912C49}.Debug|Any CPU.Deploy.0 = Debug|iPhone
		{42EBBF63-27CC-4977-8ACD-AC2F20912C49}.Debug|iPhone.ActiveCfg = Debug|iPhone
		{42EBBF63-27CC-4977-8ACD-AC2F20912C49}.Debug|iPhone.Build.0 = Debug|iPhone
		{42EBBF63-27CC-4977-8ACD-AC2F20912C49}.Debug|iPhone.Deploy.0 = Debug|iPhone
		{42EBBF63-27CC-4977-8ACD-AC2F20912C49}.Debug|iPhoneSimulator.ActiveCfg = Debug|iPhoneSimulator
		{42EBBF63-27CC-4977-8ACD-AC2F20912C49}.Debug|iPhoneSimulator.Build.0 = Debug|iPhoneSimulator
		{42EBBF63-27CC-4977-8ACD-AC2F20912C49}.Debug|iPhoneSimulator.Deploy.0 = Debug|iPhoneSimulator
		{42EBBF63-27CC-4977-8ACD-AC2F20912C49}.Release|Any CPU.ActiveCfg = Release|iPhoneSimulator
		{42EBBF63-27CC-4977-8ACD-AC2F20912C49}.Release|Any CPU.Build.0 = Release|iPhoneSimulator
		{42EBBF63-27CC-4977-8ACD-AC2F20912C49}.Release|Any CPU.Deploy.0 = Release|iPhoneSimulator
		{42EBBF63-27CC-4977-8ACD-AC2F20912C49}.Release|iPhone.ActiveCfg = Release|iPhone
		{42EBBF63-27CC-4977-8ACD-AC2F20912C49}.Release|iPhone.Build.0 = Release|iPhone
		{42EBBF63-27CC-4977-8ACD-AC2F20912C49}.Release|iPhone.Deploy.0 = Release|iPhone
		{42EBBF63-27CC-4977-8ACD-AC2F20912C49}.Release|iPhoneSimulator.ActiveCfg = Release|iPhoneSimulator
		{42EBBF63-27CC-4977-8ACD-AC2F20912C49}.Release|iPhoneSimulator.Build.0 = Release|iPhoneSimulator
		{42EBBF63-27CC-4977-8ACD-AC2F20912C49}.Release|iPhoneSimulator.Deploy.0 = Release|iPhoneSimulator
		{DC11205F-411E-4FD6-A2D8-410C8849A80D}.Debug|Any CPU.ActiveCfg = Debug|Any CPU
		{DC11205F-411E-4FD6-A2D8-410C8849A80D}.Debug|Any CPU.Build.0 = Debug|Any CPU
		{DC11205F-411E-4FD6-A2D8-410C8849A80D}.Debug|Any CPU.Deploy.0 = Debug|Any CPU
		{DC11205F-411E-4FD6-A2D8-410C8849A80D}.Debug|iPhone.ActiveCfg = Debug|Any CPU
		{DC11205F-411E-4FD6-A2D8-410C8849A80D}.Debug|iPhone.Build.0 = Debug|Any CPU
		{DC11205F-411E-4FD6-A2D8-410C8849A80D}.Debug|iPhone.Deploy.0 = Debug|Any CPU
		{DC11205F-411E-4FD6-A2D8-410C8849A80D}.Debug|iPhoneSimulator.ActiveCfg = Debug|Any CPU
		{DC11205F-411E-4FD6-A2D8-410C8849A80D}.Debug|iPhoneSimulator.Build.0 = Debug|Any CPU
		{DC11205F-411E-4FD6-A2D8-410C8849A80D}.Debug|iPhoneSimulator.Deploy.0 = Debug|Any CPU
		{DC11205F-411E-4FD6-A2D8-410C8849A80D}.Release|Any CPU.ActiveCfg = Release|Any CPU
		{DC11205F-411E-4FD6-A2D8-410C8849A80D}.Release|Any CPU.Build.0 = Release|Any CPU
		{DC11205F-411E-4FD6-A2D8-410C8849A80D}.Release|Any CPU.Deploy.0 = Release|Any CPU
		{DC11205F-411E-4FD6-A2D8-410C8849A80D}.Release|iPhone.ActiveCfg = Release|Any CPU
		{DC11205F-411E-4FD6-A2D8-410C8849A80D}.Release|iPhone.Build.0 = Release|Any CPU
		{DC11205F-411E-4FD6-A2D8-410C8849A80D}.Release|iPhone.Deploy.0 = Release|Any CPU
		{DC11205F-411E-4FD6-A2D8-410C8849A80D}.Release|iPhoneSimulator.ActiveCfg = Release|Any CPU
		{DC11205F-411E-4FD6-A2D8-410C8849A80D}.Release|iPhoneSimulator.Build.0 = Release|Any CPU
		{DC11205F-411E-4FD6-A2D8-410C8849A80D}.Release|iPhoneSimulator.Deploy.0 = Release|Any CPU
	EndGlobalSection
	GlobalSection(SolutionProperties) = preSolution
		HideSolutionNode = FALSE
	EndGlobalSection
	GlobalSection(ExtensibilityGlobals) = postSolution
		SolutionGuid = {614ED927-ED27-409D-9C4F-D3CC5646DEEA}
	EndGlobalSection
EndGlobal
